PODS:
  - AFNetworking (4.0.1)
  - IGListDiffKit (4.0.0)
  - IGListKit (4.0.0)
  - libwebp (1.1.0)
  - lottie-ios (3.1.8)
  - RxCocoa (5.1.1)
  - RxRelay (5.1.1)
  - RxSwift (5.1.1)
  - SDWebImage (5.10.0)
  - SDWebImageWebPCoder (0.8.1)

DEPENDENCIES:
  - AFNetworking (from `./CarthagePods/`)
  - IGListDiffKit (from `./CarthagePods/`)
  - IGListKit (from `./CarthagePods/`)
  - libwebp (from `./CarthagePods/`)
  - lottie-ios (from `./CarthagePods/`)
  - RxCocoa (from `./CarthagePods/`)
  - RxRelay (from `./CarthagePods/`)
  - RxSwift (from `./CarthagePods/`)
  - SDWebImage (from `./CarthagePods/`)
  - SDWebImageWebPCoder (from `./CarthagePods/`)

EXTERNAL SOURCES:
  AFNetworking:
    :path: "./CarthagePods/"
  IGListDiffKit:
    :path: "./CarthagePods/"
  IGListKit:
    :path: "./CarthagePods/"
  libwebp:
    :path: "./CarthagePods/"
  lottie-ios:
    :path: "./CarthagePods/"
  RxCocoa:
    :path: "./CarthagePods/"
  RxRelay:
    :path: "./CarthagePods/"
  RxSwift:
    :path: "./CarthagePods/"
  SDWebImage:
    :path: "./CarthagePods/"
  SDWebImageWebPCoder:
    :path: "./CarthagePods/"

SPEC CHECKSUMS:
  AFNetworking: 1c33e0604eb2408c38638481b878614ebcdfee8b
  IGListDiffKit: 7fa920d2dc2dff0c830e1a5d802fb8059ff520e0
  IGListKit: 738e03931a0ddc95ca460b672a01e0a6171e1c74
  libwebp: ae653a3fcbcc29cb588e0169fa4b2b974077ed29
  lottie-ios: a7ceac395e5573dbc690261d039b3227e79495ee
  RxCocoa: e9327217ba6e075d055ea81866e20de4b71b40c6
  RxRelay: d9d661c8194a90fed731107f2116b905c995f9cb
  RxSwift: a4e807ee0d41d68ed38c6d31bca0d835a266327a
  SDWebImage: eaf00eb0b0716de7cd3da5a953d2e1304f5f63ff
  SDWebImageWebPCoder: d87fc7728ed2dd98312389efe8cbeef98a04d4e5

PODFILE CHECKSUM: 863eda5f0639c5fb6be6d8be93244381c325789b

COCOAPODS: 1.10.1
